
Microsoft Visual Studio Solution File, Format Version 12.00
# Visual Studio 15
VisualStudioVersion = 15.0.28307.489
MinimumVisualStudioVersion = 10.0.40219.1
Project("{FAE04EC0-301F-11D3-BF4B-00C04F79EFBC}") = "FormOrai", "FormOrai\FormOrai.csproj", "{FACB73A2-E3C4-4FA5-82C1-A70F4BB9C604}"
EndProject
Global
	GlobalSection(SolutionConfigurationPlatforms) = preSolution
		Debug|Any CPU = Debug|Any CPU
		Release|Any CPU = Release|Any CPU
	EndGlobalSection
	GlobalSection(ProjectConfigurationPlatforms) = postSolution
		{FACB73A2-E3C4-4FA5-82C1-A70F4BB9C604}.Debug|Any CPU.ActiveCfg = Debug|Any CPU
		{FACB73A2-E3C4-4FA5-82C1-A70F4BB9C604}.Debug|Any CPU.Build.0 = Debug|Any CPU
		{FACB73A2-E3C4-4FA5-82C1-A70F4BB9C604}.Release|Any CPU.ActiveCfg = Release|Any CPU
		{FACB73A2-E3C4-4FA5-82C1-A70F4BB9C604}.Release|Any CPU.Build.0 = Release|Any CPU
	EndGlobalSection
	GlobalSection(SolutionProperties) = preSolution
		HideSolutionNode = FALSE
	EndGlobalSection
	GlobalSection(ExtensibilityGlobals) = postSolution
		SolutionGuid = {E179174B-65B7-47E1-A28A-A3E04806AC65}
	EndGlobalSection
EndGlobal
